# This file is autogenerated, do not edit; changes may be undone by the next 'dep ensure'.


[[projects]]
  branch = "master"
  name = "github.com/tiglabs/baudstorage/fuse"
  packages = [
    ".",
    "fs",
    "fuseutil"
  ]
  revision = "65cc252bf6691cb3c7014bcb2c8dc29de91e3a7e"

[[projects]]
  branch = "master"
  name = "github.com/google/btree"
  packages = ["."]
  revision = "e89373fe6b4a7413d7acd6da1725b83ef713e6e4"

[[projects]]
  name = "github.com/google/uuid"
  packages = ["."]
  revision = "064e2069ce9c359c118179501254f67d7d37ba24"
  version = "0.2"

[[projects]]
  branch = "master"
  name = "github.com/juju/errors"
  packages = ["."]
  revision = "c7d06af17c68cd34c835053720b21f6549d9b0ee"

[[projects]]
  branch = "master"
  name = "github.com/petar/GoLLRB"
  packages = ["llrb"]
  revision = "53be0d36a84c2a886ca057d34b6aa4468df9ccb4"

[[projects]]
  branch = "master"
  name = "github.com/tecbot/gorocksdb"
  packages = ["."]
  revision = "3e476152774442234f9a9f747386a48a1d82a515"

[[projects]]
  branch = "master"
  name = "github.com/tiglabs/raft"
  packages = [
    ".",
    "logger",
    "proto",
    "storage",
    "storage/wal",
    "util",
    "util/bufalloc",
    "util/log"
  ]
  revision = "6668d64b899baeb6f04b36d158e8676f8aa3d380"

[[projects]]
  branch = "master"
  name = "golang.org/x/net"
  packages = ["context"]
  revision = "8e0cdda24ed423affc8f35c241e5e9b16180338e"

[[projects]]
  name = "golang.org/x/text"
  packages = [
    "cmd/gotext/examples/extract_http/pkg",
    "feature/plural",
    "internal",
    "internal/catmsg",
    "internal/format",
    "internal/gen",
    "internal/number",
    "internal/stringset",
    "internal/tag",
    "language",
    "message",
    "message/catalog",
    "unicode/cldr"
  ]
  revision = "f21a4dfb5e38f5895301dc265a8def02365cc3d0"
  version = "v0.3.0"

[solve-meta]
  analyzer-name = "dep"
  analyzer-version = 1
  inputs-digest = "24fbba4cd3956433b96a97d8a2dea6e0a2d4399e5b12b1749b4a0d17414bb357"
  solver-name = "gps-cdcl"
  solver-version = 1
